
Microsoft Visual Studio Solution File, Format Version 12.00
# Visual Studio 2013
VisualStudioVersion = 12.0.31101.0
MinimumVisualStudioVersion = 10.0.40219.1
Project("{FAE04EC0-301F-11D3-BF4B-00C04F79EFBC}") = "EGIoTKit", "EGIoTKit\EGIoTKit.csproj", "{9EB87637-0162-487D-BBC2-888B49CBF652}"
EndProject
Project("{2150E333-8FDC-42A3-9474-1A3956D46DE8}") = "GRSakura", "GRSakura", "{5A00B3FA-FB29-4CCA-8CA3-FC8B8AA224D5}"
EndProject
Project("{FAE04EC0-301F-11D3-BF4B-00C04F79EFBC}") = "GR_Sakura_IoT_Kit_41", "GR Sakura IoT Kit\GR_Sakura_IoT_Kit_41\GR_Sakura_IoT_Kit_41.csproj", "{2389CF35-31C4-4DA7-A674-D81F23DFEAF8}"
EndProject
Project("{FAE04EC0-301F-11D3-BF4B-00C04F79EFBC}") = "GR_Sakura_IoT_Kit_42", "GR Sakura IoT Kit\GR_Sakura_IoT_Kit_42\GR_Sakura_IoT_Kit_42.csproj", "{54365827-2EEC-44F9-AC51-6FBB0ACCA609}"
EndProject
Project("{FAE04EC0-301F-11D3-BF4B-00C04F79EFBC}") = "GR_Sakura_IoT_Kit_43", "GR Sakura IoT Kit\GR_Sakura_IoT_Kit_43\GR_Sakura_IoT_Kit_43.csproj", "{52C1A820-1DF3-4322-9D02-D536E16611D8}"
EndProject
Project("{FAE04EC0-301F-11D3-BF4B-00C04F79EFBC}") = "GR_Sakura_IoT_Kit", "GR Sakura IoT Kit\GR_Sakura_IoT_Kit\GR_Sakura_IoT_Kit.csproj", "{EC34E7A7-F078-4E69-A00D-C082698F5EE9}"
EndProject
Project("{2150E333-8FDC-42A3-9474-1A3956D46DE8}") = "GRPeach", "GRPeach", "{AA5BCA3C-A61E-4BCD-94FB-48306E82FD24}"
EndProject
Project("{FAE04EC0-301F-11D3-BF4B-00C04F79EFBC}") = "GR_PEACH_IoT_Kit_41", "GR_PEACH_IoT_Kit\GR_PEACH_IoT_Kit_41\GR_PEACH_IoT_Kit_41.csproj", "{55E6D75C-9C3E-4E4F-A65D-77E363B91DF4}"
EndProject
Project("{FAE04EC0-301F-11D3-BF4B-00C04F79EFBC}") = "GR_PEACH_IoT_Kit_42", "GR_PEACH_IoT_Kit\GR_PEACH_IoT_Kit_42\GR_PEACH_IoT_Kit_42.csproj", "{0E1E97DB-0E2A-43A3-9A48-1F93994DA07F}"
EndProject
Project("{FAE04EC0-301F-11D3-BF4B-00C04F79EFBC}") = "GR_PEACH_IoT_Kit_43", "GR_PEACH_IoT_Kit\GR_PEACH_IoT_Kit_43\GR_PEACH_IoT_Kit_43.csproj", "{7971365B-9216-4027-AC9B-EFBA9C4D01E9}"
EndProject
Project("{FAE04EC0-301F-11D3-BF4B-00C04F79EFBC}") = "GR_PEACH_IoT_Kit", "GR_PEACH_IoT_Kit\GR_PEACH_IoT_Kit\GR_PEACH_IoT_Kit.csproj", "{714C7CE3-89AC-4950-8EE7-8ED981B43940}"
EndProject
Project("{FAE04EC0-301F-11D3-BF4B-00C04F79EFBC}") = "Algyan", "Algyan\Algyan.csproj", "{6F91C457-C087-4D35-8E70-EDFBA9548F03}"
EndProject
Project("{FAE04EC0-301F-11D3-BF4B-00C04F79EFBC}") = "GrPeachTestApp", "GrPeachTestApp\GrPeachTestApp.csproj", "{DE6278AB-5E23-4BFA-9C89-5F258B2BFE8A}"
EndProject
Global
	GlobalSection(SolutionConfigurationPlatforms) = preSolution
		Debug|Any CPU = Debug|Any CPU
		Debug|Mixed Platforms = Debug|Mixed Platforms
		Debug|x86 = Debug|x86
		Release|Any CPU = Release|Any CPU
		Release|Mixed Platforms = Release|Mixed Platforms
		Release|x86 = Release|x86
	EndGlobalSection
	GlobalSection(ProjectConfigurationPlatforms) = postSolution
		{9EB87637-0162-487D-BBC2-888B49CBF652}.Debug|Any CPU.ActiveCfg = Debug|Any CPU
		{9EB87637-0162-487D-BBC2-888B49CBF652}.Debug|Any CPU.Build.0 = Debug|Any CPU
		{9EB87637-0162-487D-BBC2-888B49CBF652}.Debug|Mixed Platforms.ActiveCfg = Debug|Any CPU
		{9EB87637-0162-487D-BBC2-888B49CBF652}.Debug|Mixed Platforms.Build.0 = Debug|Any CPU
		{9EB87637-0162-487D-BBC2-888B49CBF652}.Debug|x86.ActiveCfg = Debug|Any CPU
		{9EB87637-0162-487D-BBC2-888B49CBF652}.Release|Any CPU.ActiveCfg = Release|Any CPU
		{9EB87637-0162-487D-BBC2-888B49CBF652}.Release|Any CPU.Build.0 = Release|Any CPU
		{9EB87637-0162-487D-BBC2-888B49CBF652}.Release|Mixed Platforms.ActiveCfg = Release|Any CPU
		{9EB87637-0162-487D-BBC2-888B49CBF652}.Release|Mixed Platforms.Build.0 = Release|Any CPU
		{9EB87637-0162-487D-BBC2-888B49CBF652}.Release|x86.ActiveCfg = Release|Any CPU
		{2389CF35-31C4-4DA7-A674-D81F23DFEAF8}.Debug|Any CPU.ActiveCfg = Debug|Any CPU
		{2389CF35-31C4-4DA7-A674-D81F23DFEAF8}.Debug|Any CPU.Build.0 = Debug|Any CPU
		{2389CF35-31C4-4DA7-A674-D81F23DFEAF8}.Debug|Mixed Platforms.ActiveCfg = Debug|Any CPU
		{2389CF35-31C4-4DA7-A674-D81F23DFEAF8}.Debug|Mixed Platforms.Build.0 = Debug|Any CPU
		{2389CF35-31C4-4DA7-A674-D81F23DFEAF8}.Debug|x86.ActiveCfg = Debug|Any CPU
		{2389CF35-31C4-4DA7-A674-D81F23DFEAF8}.Release|Any CPU.ActiveCfg = Release|Any CPU
		{2389CF35-31C4-4DA7-A674-D81F23DFEAF8}.Release|Any CPU.Build.0 = Release|Any CPU
		{2389CF35-31C4-4DA7-A674-D81F23DFEAF8}.Release|Mixed Platforms.ActiveCfg = Release|Any CPU
		{2389CF35-31C4-4DA7-A674-D81F23DFEAF8}.Release|Mixed Platforms.Build.0 = Release|Any CPU
		{2389CF35-31C4-4DA7-A674-D81F23DFEAF8}.Release|x86.ActiveCfg = Release|Any CPU
		{54365827-2EEC-44F9-AC51-6FBB0ACCA609}.Debug|Any CPU.ActiveCfg = Debug|Any CPU
		{54365827-2EEC-44F9-AC51-6FBB0ACCA609}.Debug|Any CPU.Build.0 = Debug|Any CPU
		{54365827-2EEC-44F9-AC51-6FBB0ACCA609}.Debug|Mixed Platforms.ActiveCfg = Debug|Any CPU
		{54365827-2EEC-44F9-AC51-6FBB0ACCA609}.Debug|Mixed Platforms.Build.0 = Debug|Any CPU
		{54365827-2EEC-44F9-AC51-6FBB0ACCA609}.Debug|x86.ActiveCfg = Debug|Any CPU
		{54365827-2EEC-44F9-AC51-6FBB0ACCA609}.Release|Any CPU.ActiveCfg = Release|Any CPU
		{54365827-2EEC-44F9-AC51-6FBB0ACCA609}.Release|Any CPU.Build.0 = Release|Any CPU
		{54365827-2EEC-44F9-AC51-6FBB0ACCA609}.Release|Mixed Platforms.ActiveCfg = Release|Any CPU
		{54365827-2EEC-44F9-AC51-6FBB0ACCA609}.Release|Mixed Platforms.Build.0 = Release|Any CPU
		{54365827-2EEC-44F9-AC51-6FBB0ACCA609}.Release|x86.ActiveCfg = Release|Any CPU
		{52C1A820-1DF3-4322-9D02-D536E16611D8}.Debug|Any CPU.ActiveCfg = Debug|Any CPU
		{52C1A820-1DF3-4322-9D02-D536E16611D8}.Debug|Any CPU.Build.0 = Debug|Any CPU
		{52C1A820-1DF3-4322-9D02-D536E16611D8}.Debug|Mixed Platforms.ActiveCfg = Debug|Any CPU
		{52C1A820-1DF3-4322-9D02-D536E16611D8}.Debug|Mixed Platforms.Build.0 = Debug|Any CPU
		{52C1A820-1DF3-4322-9D02-D536E16611D8}.Debug|x86.ActiveCfg = Debug|Any CPU
		{52C1A820-1DF3-4322-9D02-D536E16611D8}.Release|Any CPU.ActiveCfg = Release|Any CPU
		{52C1A820-1DF3-4322-9D02-D536E16611D8}.Release|Any CPU.Build.0 = Release|Any CPU
		{52C1A820-1DF3-4322-9D02-D536E16611D8}.Release|Mixed Platforms.ActiveCfg = Release|Any CPU
		{52C1A820-1DF3-4322-9D02-D536E16611D8}.Release|Mixed Platforms.Build.0 = Release|Any CPU
		{52C1A820-1DF3-4322-9D02-D536E16611D8}.Release|x86.ActiveCfg = Release|Any CPU
		{EC34E7A7-F078-4E69-A00D-C082698F5EE9}.Debug|Any CPU.ActiveCfg = Debug|Any CPU
		{EC34E7A7-F078-4E69-A00D-C082698F5EE9}.Debug|Any CPU.Build.0 = Debug|Any CPU
		{EC34E7A7-F078-4E69-A00D-C082698F5EE9}.Debug|Mixed Platforms.ActiveCfg = Debug|Any CPU
		{EC34E7A7-F078-4E69-A00D-C082698F5EE9}.Debug|Mixed Platforms.Build.0 = Debug|Any CPU
		{EC34E7A7-F078-4E69-A00D-C082698F5EE9}.Debug|x86.ActiveCfg = Debug|Any CPU
		{EC34E7A7-F078-4E69-A00D-C082698F5EE9}.Release|Any CPU.ActiveCfg = Release|Any CPU
		{EC34E7A7-F078-4E69-A00D-C082698F5EE9}.Release|Any CPU.Build.0 = Release|Any CPU
		{EC34E7A7-F078-4E69-A00D-C082698F5EE9}.Release|Mixed Platforms.ActiveCfg = Release|Any CPU
		{EC34E7A7-F078-4E69-A00D-C082698F5EE9}.Release|Mixed Platforms.Build.0 = Release|Any CPU
		{EC34E7A7-F078-4E69-A00D-C082698F5EE9}.Release|x86.ActiveCfg = Release|Any CPU
		{55E6D75C-9C3E-4E4F-A65D-77E363B91DF4}.Debug|Any CPU.ActiveCfg = Debug|Any CPU
		{55E6D75C-9C3E-4E4F-A65D-77E363B91DF4}.Debug|Any CPU.Build.0 = Debug|Any CPU
		{55E6D75C-9C3E-4E4F-A65D-77E363B91DF4}.Debug|Mixed Platforms.ActiveCfg = Debug|Any CPU
		{55E6D75C-9C3E-4E4F-A65D-77E363B91DF4}.Debug|Mixed Platforms.Build.0 = Debug|Any CPU
		{55E6D75C-9C3E-4E4F-A65D-77E363B91DF4}.Debug|x86.ActiveCfg = Debug|Any CPU
		{55E6D75C-9C3E-4E4F-A65D-77E363B91DF4}.Release|Any CPU.ActiveCfg = Release|Any CPU
		{55E6D75C-9C3E-4E4F-A65D-77E363B91DF4}.Release|Any CPU.Build.0 = Release|Any CPU
		{55E6D75C-9C3E-4E4F-A65D-77E363B91DF4}.Release|Mixed Platforms.ActiveCfg = Release|Any CPU
		{55E6D75C-9C3E-4E4F-A65D-77E363B91DF4}.Release|Mixed Platforms.Build.0 = Release|Any CPU
		{55E6D75C-9C3E-4E4F-A65D-77E363B91DF4}.Release|x86.ActiveCfg = Release|Any CPU
		{0E1E97DB-0E2A-43A3-9A48-1F93994DA07F}.Debug|Any CPU.ActiveCfg = Debug|Any CPU
		{0E1E97DB-0E2A-43A3-9A48-1F93994DA07F}.Debug|Any CPU.Build.0 = Debug|Any CPU
		{0E1E97DB-0E2A-43A3-9A48-1F93994DA07F}.Debug|Mixed Platforms.ActiveCfg = Debug|Any CPU
		{0E1E97DB-0E2A-43A3-9A48-1F93994DA07F}.Debug|Mixed Platforms.Build.0 = Debug|Any CPU
		{0E1E97DB-0E2A-43A3-9A48-1F93994DA07F}.Debug|x86.ActiveCfg = Debug|Any CPU
		{0E1E97DB-0E2A-43A3-9A48-1F93994DA07F}.Release|Any CPU.ActiveCfg = Release|Any CPU
		{0E1E97DB-0E2A-43A3-9A48-1F93994DA07F}.Release|Any CPU.Build.0 = Release|Any CPU
		{0E1E97DB-0E2A-43A3-9A48-1F93994DA07F}.Release|Mixed Platforms.ActiveCfg = Release|Any CPU
		{0E1E97DB-0E2A-43A3-9A48-1F93994DA07F}.Release|Mixed Platforms.Build.0 = Release|Any CPU
		{0E1E97DB-0E2A-43A3-9A48-1F93994DA07F}.Release|x86.ActiveCfg = Release|Any CPU
		{7971365B-9216-4027-AC9B-EFBA9C4D01E9}.Debug|Any CPU.ActiveCfg = Debug|Any CPU
		{7971365B-9216-4027-AC9B-EFBA9C4D01E9}.Debug|Any CPU.Build.0 = Debug|Any CPU
		{7971365B-9216-4027-AC9B-EFBA9C4D01E9}.Debug|Mixed Platforms.ActiveCfg = Debug|Any CPU
		{7971365B-9216-4027-AC9B-EFBA9C4D01E9}.Debug|Mixed Platforms.Build.0 = Debug|Any CPU
		{7971365B-9216-4027-AC9B-EFBA9C4D01E9}.Debug|x86.ActiveCfg = Debug|Any CPU
		{7971365B-9216-4027-AC9B-EFBA9C4D01E9}.Release|Any CPU.ActiveCfg = Release|Any CPU
		{7971365B-9216-4027-AC9B-EFBA9C4D01E9}.Release|Any CPU.Build.0 = Release|Any CPU
		{7971365B-9216-4027-AC9B-EFBA9C4D01E9}.Release|Mixed Platforms.ActiveCfg = Release|Any CPU
		{7971365B-9216-4027-AC9B-EFBA9C4D01E9}.Release|Mixed Platforms.Build.0 = Release|Any CPU
		{7971365B-9216-4027-AC9B-EFBA9C4D01E9}.Release|x86.ActiveCfg = Release|Any CPU
		{714C7CE3-89AC-4950-8EE7-8ED981B43940}.Debug|Any CPU.ActiveCfg = Debug|Any CPU
		{714C7CE3-89AC-4950-8EE7-8ED981B43940}.Debug|Any CPU.Build.0 = Debug|Any CPU
		{714C7CE3-89AC-4950-8EE7-8ED981B43940}.Debug|Mixed Platforms.ActiveCfg = Debug|Any CPU
		{714C7CE3-89AC-4950-8EE7-8ED981B43940}.Debug|Mixed Platforms.Build.0 = Debug|Any CPU
		{714C7CE3-89AC-4950-8EE7-8ED981B43940}.Debug|x86.ActiveCfg = Debug|Any CPU
		{714C7CE3-89AC-4950-8EE7-8ED981B43940}.Release|Any CPU.ActiveCfg = Release|Any CPU
		{714C7CE3-89AC-4950-8EE7-8ED981B43940}.Release|Any CPU.Build.0 = Release|Any CPU
		{714C7CE3-89AC-4950-8EE7-8ED981B43940}.Release|Mixed Platforms.ActiveCfg = Release|Any CPU
		{714C7CE3-89AC-4950-8EE7-8ED981B43940}.Release|Mixed Platforms.Build.0 = Release|Any CPU
		{714C7CE3-89AC-4950-8EE7-8ED981B43940}.Release|x86.ActiveCfg = Release|Any CPU
		{6F91C457-C087-4D35-8E70-EDFBA9548F03}.Debug|Any CPU.ActiveCfg = Debug|Any CPU
		{6F91C457-C087-4D35-8E70-EDFBA9548F03}.Debug|Any CPU.Build.0 = Debug|Any CPU
		{6F91C457-C087-4D35-8E70-EDFBA9548F03}.Debug|Mixed Platforms.ActiveCfg = Debug|Any CPU
		{6F91C457-C087-4D35-8E70-EDFBA9548F03}.Debug|Mixed Platforms.Build.0 = Debug|Any CPU
		{6F91C457-C087-4D35-8E70-EDFBA9548F03}.Debug|x86.ActiveCfg = Debug|Any CPU
		{6F91C457-C087-4D35-8E70-EDFBA9548F03}.Release|Any CPU.ActiveCfg = Release|Any CPU
		{6F91C457-C087-4D35-8E70-EDFBA9548F03}.Release|Any CPU.Build.0 = Release|Any CPU
		{6F91C457-C087-4D35-8E70-EDFBA9548F03}.Release|Mixed Platforms.ActiveCfg = Release|Any CPU
		{6F91C457-C087-4D35-8E70-EDFBA9548F03}.Release|Mixed Platforms.Build.0 = Release|Any CPU
		{6F91C457-C087-4D35-8E70-EDFBA9548F03}.Release|x86.ActiveCfg = Release|Any CPU
		{DE6278AB-5E23-4BFA-9C89-5F258B2BFE8A}.Debug|Any CPU.ActiveCfg = Debug|Any CPU
		{DE6278AB-5E23-4BFA-9C89-5F258B2BFE8A}.Debug|Any CPU.Build.0 = Debug|Any CPU
		{DE6278AB-5E23-4BFA-9C89-5F258B2BFE8A}.Debug|Any CPU.Deploy.0 = Debug|Any CPU
		{DE6278AB-5E23-4BFA-9C89-5F258B2BFE8A}.Debug|Mixed Platforms.ActiveCfg = Debug|Any CPU
		{DE6278AB-5E23-4BFA-9C89-5F258B2BFE8A}.Debug|Mixed Platforms.Build.0 = Debug|Any CPU
		{DE6278AB-5E23-4BFA-9C89-5F258B2BFE8A}.Debug|Mixed Platforms.Deploy.0 = Debug|Any CPU
		{DE6278AB-5E23-4BFA-9C89-5F258B2BFE8A}.Debug|x86.ActiveCfg = Debug|Any CPU
		{DE6278AB-5E23-4BFA-9C89-5F258B2BFE8A}.Release|Any CPU.ActiveCfg = Release|Any CPU
		{DE6278AB-5E23-4BFA-9C89-5F258B2BFE8A}.Release|Any CPU.Build.0 = Release|Any CPU
		{DE6278AB-5E23-4BFA-9C89-5F258B2BFE8A}.Release|Any CPU.Deploy.0 = Release|Any CPU
		{DE6278AB-5E23-4BFA-9C89-5F258B2BFE8A}.Release|Mixed Platforms.ActiveCfg = Release|Any CPU
		{DE6278AB-5E23-4BFA-9C89-5F258B2BFE8A}.Release|Mixed Platforms.Build.0 = Release|Any CPU
		{DE6278AB-5E23-4BFA-9C89-5F258B2BFE8A}.Release|Mixed Platforms.Deploy.0 = Release|Any CPU
		{DE6278AB-5E23-4BFA-9C89-5F258B2BFE8A}.Release|x86.ActiveCfg = Release|Any CPU
	EndGlobalSection
	GlobalSection(SolutionProperties) = preSolution
		HideSolutionNode = FALSE
	EndGlobalSection
	GlobalSection(NestedProjects) = preSolution
		{2389CF35-31C4-4DA7-A674-D81F23DFEAF8} = {5A00B3FA-FB29-4CCA-8CA3-FC8B8AA224D5}
		{54365827-2EEC-44F9-AC51-6FBB0ACCA609} = {5A00B3FA-FB29-4CCA-8CA3-FC8B8AA224D5}
		{52C1A820-1DF3-4322-9D02-D536E16611D8} = {5A00B3FA-FB29-4CCA-8CA3-FC8B8AA224D5}
		{EC34E7A7-F078-4E69-A00D-C082698F5EE9} = {5A00B3FA-FB29-4CCA-8CA3-FC8B8AA224D5}
		{55E6D75C-9C3E-4E4F-A65D-77E363B91DF4} = {AA5BCA3C-A61E-4BCD-94FB-48306E82FD24}
		{0E1E97DB-0E2A-43A3-9A48-1F93994DA07F} = {AA5BCA3C-A61E-4BCD-94FB-48306E82FD24}
		{7971365B-9216-4027-AC9B-EFBA9C4D01E9} = {AA5BCA3C-A61E-4BCD-94FB-48306E82FD24}
		{714C7CE3-89AC-4950-8EE7-8ED981B43940} = {AA5BCA3C-A61E-4BCD-94FB-48306E82FD24}
	EndGlobalSection
EndGlobal
